<?xml version="1.0" encoding="utf-8"?>
<Project ToolsVersion="4.0" xmlns="http://schemas.microsoft.com/developer/msbuild/2003">
  <ItemGroup>
    <Filter Include="リソース ファイル">
      <UniqueIdentifier>{67DA6AB6-F800-4c08-8B7A-83BB121AAD01}</UniqueIdentifier>
      <Extensions>rc;ico;cur;bmp;dlg;rc2;rct;bin;rgs;gif;jpg;jpeg;jpe;resx;tiff;tif;png;wav;mfcribbon-ms</Extensions>
    </Filter>
    <Filter Include="shader">
      <UniqueIdentifier>{2d1ee361-a7e0-4a5f-942b-2fee62a99808}</UniqueIdentifier>
    </Filter>
    <Filter Include="src">
      <UniqueIdentifier>{3d72a1e9-24b0-4839-8914-5cbaa4027899}</UniqueIdentifier>
    </Filter>
    <Filter Include="src\GraphicsEngine">
      <UniqueIdentifier>{c6c3e410-a0e4-4302-bc4b-3db8578f497f}</UniqueIdentifier>
    </Filter>
    <Filter Include="src\GraphicsEngine\Core">
      <UniqueIdentifier>{91fac123-6d43-46a0-8905-b2fe456fdefa}</UniqueIdentifier>
    </Filter>
    <Filter Include="src\GraphicsEngine\DescriptorHeap">
      <UniqueIdentifier>{91706ff2-efed-4128-9bb9-4e6629f3d3b6}</UniqueIdentifier>
    </Filter>
    <Filter Include="src\GraphicsEngine\Material">
      <UniqueIdentifier>{03d327c4-b386-4175-94b0-a0a57dd3ae4c}</UniqueIdentifier>
    </Filter>
    <Filter Include="src\GraphicsEngine\Mesh">
      <UniqueIdentifier>{01b566f1-2a4f-4741-95d8-94bb3b9e6f26}</UniqueIdentifier>
    </Filter>
    <Filter Include="src\GraphicsEngine\Pipeline">
      <UniqueIdentifier>{d23f67b4-f509-454e-944d-5ac00abe95f0}</UniqueIdentifier>
    </Filter>
    <Filter Include="src\GraphicsEngine\Renderer">
      <UniqueIdentifier>{b7e85118-e590-4776-8cdb-6080d83a4910}</UniqueIdentifier>
    </Filter>
    <Filter Include="src\GraphicsEngine\Resources">
      <UniqueIdentifier>{a50673e5-a858-4f11-af12-52020e10c3ee}</UniqueIdentifier>
    </Filter>
    <Filter Include="src\GraphicsEngine\Shader">
      <UniqueIdentifier>{722b7b62-10c6-42d3-a088-0924c3a2bfbc}</UniqueIdentifier>
    </Filter>
    <Filter Include="src\Input">
      <UniqueIdentifier>{be5ea780-836a-4e47-b60b-2a0cc68e90c9}</UniqueIdentifier>
    </Filter>
    <Filter Include="src\Math">
      <UniqueIdentifier>{8d81fc2b-55ff-49cc-87bf-9765516171ba}</UniqueIdentifier>
    </Filter>
    <Filter Include="src\Scene">
      <UniqueIdentifier>{b04880be-f62f-4b01-b485-21aec5189af5}</UniqueIdentifier>
    </Filter>
    <Filter Include="src\Utility">
      <UniqueIdentifier>{c133c2fc-5727-4b9c-b954-7f1119f14175}</UniqueIdentifier>
    </Filter>
    <Filter Include="src\GraphicsEngine\Sprite">
      <UniqueIdentifier>{ca003c40-eb87-4ba1-9db8-bd8c8b4c3105}</UniqueIdentifier>
    </Filter>
  </ItemGroup>
  <ItemGroup>
    <Image Include="icon\ME_icon.ico">
      <Filter>リソース ファイル</Filter>
    </Image>
  </ItemGroup>
  <ItemGroup>
    <ClInclude Include="src\GraphicsEngine\Core\d3dx12.h">
      <Filter>src\GraphicsEngine\Core</Filter>
    </ClInclude>
    <ClInclude Include="src\GraphicsEngine\Core\GfxCommandContext.h">
      <Filter>src\GraphicsEngine\Core</Filter>
    </ClInclude>
    <ClInclude Include="src\GraphicsEngine\Core\GfxCommandQueue.h">
      <Filter>src\GraphicsEngine\Core</Filter>
    </ClInclude>
    <ClInclude Include="src\GraphicsEngine\Core\GfxDevice.h">
      <Filter>src\GraphicsEngine\Core</Filter>
    </ClInclude>
    <ClInclude Include="src\GraphicsEngine\Core\GfxFence.h">
      <Filter>src\GraphicsEngine\Core</Filter>
    </ClInclude>
    <ClInclude Include="src\GraphicsEngine\Core\GfxSwapChain.h">
      <Filter>src\GraphicsEngine\Core</Filter>
    </ClInclude>
    <ClInclude Include="src\GraphicsEngine\Core\GraphicsContext.h">
      <Filter>src\GraphicsEngine\Core</Filter>
    </ClInclude>
    <ClInclude Include="src\GraphicsEngine\DescriptorHeap\DescriptorHeap.h">
      <Filter>src\GraphicsEngine\DescriptorHeap</Filter>
    </ClInclude>
    <ClInclude Include="src\GraphicsEngine\Material\Material.h">
      <Filter>src\GraphicsEngine\Material</Filter>
    </ClInclude>
    <ClInclude Include="src\GraphicsEngine\Mesh\Mesh.h">
      <Filter>src\GraphicsEngine\Mesh</Filter>
    </ClInclude>
    <ClInclude Include="src\GraphicsEngine\Pipeline\InputLayoutHelper.h">
      <Filter>src\GraphicsEngine\Pipeline</Filter>
    </ClInclude>
    <ClInclude Include="src\GraphicsEngine\Pipeline\PipelineState.h">
      <Filter>src\GraphicsEngine\Pipeline</Filter>
    </ClInclude>
    <ClInclude Include="src\GraphicsEngine\Pipeline\RootSignature.h">
      <Filter>src\GraphicsEngine\Pipeline</Filter>
    </ClInclude>
    <ClInclude Include="src\GraphicsEngine\Renderer\MeshRenderer.h">
      <Filter>src\GraphicsEngine\Renderer</Filter>
    </ClInclude>
    <ClInclude Include="src\GraphicsEngine\Renderer\Renderer.h">
      <Filter>src\GraphicsEngine\Renderer</Filter>
    </ClInclude>
    <ClInclude Include="src\GraphicsEngine\Resources\ConstantBuffer.h">
      <Filter>src\GraphicsEngine\Resources</Filter>
    </ClInclude>
    <ClInclude Include="src\GraphicsEngine\Resources\IndexBuffer.h">
      <Filter>src\GraphicsEngine\Resources</Filter>
    </ClInclude>
    <ClInclude Include="src\GraphicsEngine\Resources\Texture.h">
      <Filter>src\GraphicsEngine\Resources</Filter>
    </ClInclude>
    <ClInclude Include="src\GraphicsEngine\Resources\VertexBuffer.h">
      <Filter>src\GraphicsEngine\Resources</Filter>
    </ClInclude>
    <ClInclude Include="src\GraphicsEngine\Shader\Shader.h">
      <Filter>src\GraphicsEngine\Shader</Filter>
    </ClInclude>
    <ClInclude Include="src\GraphicsEngine\GraphicsEngine.h">
      <Filter>src\GraphicsEngine</Filter>
    </ClInclude>
    <ClInclude Include="src\GraphicsEngine\TextureLoader.h">
      <Filter>src\GraphicsEngine</Filter>
    </ClInclude>
    <ClInclude Include="src\Application.h">
      <Filter>src</Filter>
    </ClInclude>
    <ClInclude Include="src\MEngine.h">
      <Filter>src</Filter>
    </ClInclude>
    <ClInclude Include="src\resource.h">
      <Filter>リソース ファイル</Filter>
    </ClInclude>
    <ClInclude Include="src\Scene\Camera.h">
      <Filter>src\Scene</Filter>
    </ClInclude>
    <ClInclude Include="src\Scene\Transform.h">
      <Filter>src\Scene</Filter>
    </ClInclude>
    <ClInclude Include="src\Utility\Debug.h">
      <Filter>src\Utility</Filter>
    </ClInclude>
    <ClInclude Include="src\Utility\GameTime.h">
      <Filter>src\Utility</Filter>
    </ClInclude>
    <ClInclude Include="src\Utility\Random.h">
      <Filter>src\Utility</Filter>
    </ClInclude>
    <ClInclude Include="src\Utility\StringUtility.h">
      <Filter>src\Utility</Filter>
    </ClInclude>
    <ClInclude Include="src\Input\GamePad.h">
      <Filter>src\Input</Filter>
    </ClInclude>
    <ClInclude Include="src\Input\IInputDevice.h">
      <Filter>src\Input</Filter>
    </ClInclude>
    <ClInclude Include="src\Input\InputSystem.h">
      <Filter>src\Input</Filter>
    </ClInclude>
    <ClInclude Include="src\Input\Keyboard.h">
      <Filter>src\Input</Filter>
    </ClInclude>
    <ClInclude Include="src\Math\Color.h">
      <Filter>src\Math</Filter>
    </ClInclude>
    <ClInclude Include="src\Math\Matrix.h">
      <Filter>src\Math</Filter>
    </ClInclude>
    <ClInclude Include="src\Math\Vector.h">
      <Filter>src\Math</Filter>
    </ClInclude>
    <ClInclude Include="src\GraphicsEngine\Material\MaterialDesc.h">
      <Filter>src\GraphicsEngine\Material</Filter>
    </ClInclude>
    <ClInclude Include="src\GraphicsEngine\Material\MaterialCache.h">
      <Filter>src\GraphicsEngine\Material</Filter>
    </ClInclude>
    <ClInclude Include="src\GraphicsEngine\Pipeline\RootSignatureRegistry.h">
      <Filter>src\GraphicsEngine\Pipeline</Filter>
    </ClInclude>
    <ClInclude Include="src\GraphicsEngine\Pipeline\StateFactory.h">
      <Filter>src\GraphicsEngine\Pipeline</Filter>
    </ClInclude>
    <ClInclude Include="src\GraphicsEngine\Pipeline\RootSignatureDesc.h">
      <Filter>src\GraphicsEngine\Pipeline</Filter>
    </ClInclude>
    <ClInclude Include="src\GraphicsEngine\Material\MaterialRegistry.h">
      <Filter>src\GraphicsEngine\Material</Filter>
    </ClInclude>
    <ClInclude Include="src\GraphicsEngine\Sprite\Sprite.h">
      <Filter>src\GraphicsEngine\Sprite</Filter>
    </ClInclude>
    <ClInclude Include="src\GraphicsEngine\Renderer\SpriteRenderer.h">
      <Filter>src\GraphicsEngine\Renderer</Filter>
    </ClInclude>
    <ClInclude Include="src\GraphicsEngine\Resources\RenderTarget.h">
      <Filter>src\GraphicsEngine\Resources</Filter>
    </ClInclude>
    <ClInclude Include="src\ModelImporter.h">
      <Filter>src</Filter>
    </ClInclude>
    <ClInclude Include="src\AssimpImporter.h">
      <Filter>src</Filter>
    </ClInclude>
    <ClInclude Include="src\Scene\GameObject.h">
      <Filter>src\Scene</Filter>
    </ClInclude>
    <ClInclude Include="src\Scene\Component.h">
      <Filter>src\Scene</Filter>
    </ClInclude>
    <ClInclude Include="src\Scene\Scene.h">
      <Filter>src\Scene</Filter>
    </ClInclude>
    <ClInclude Include="src\Scene\Light.h">
      <Filter>src\Scene</Filter>
    </ClInclude>
  </ItemGroup>
  <ItemGroup>
    <ClCompile Include="src\GraphicsEngine\Core\GfxCommandContext.cpp">
      <Filter>src\GraphicsEngine\Core</Filter>
    </ClCompile>
    <ClCompile Include="src\GraphicsEngine\Core\GfxCommandQueue.cpp">
      <Filter>src\GraphicsEngine\Core</Filter>
    </ClCompile>
    <ClCompile Include="src\GraphicsEngine\Core\GfxDevice.cpp">
      <Filter>src\GraphicsEngine\Core</Filter>
    </ClCompile>
    <ClCompile Include="src\GraphicsEngine\Core\GfxFence.cpp">
      <Filter>src\GraphicsEngine\Core</Filter>
    </ClCompile>
    <ClCompile Include="src\GraphicsEngine\Core\GfxSwapChain.cpp">
      <Filter>src\GraphicsEngine\Core</Filter>
    </ClCompile>
    <ClCompile Include="src\GraphicsEngine\Core\GraphicsContext.cpp">
      <Filter>src\GraphicsEngine\Core</Filter>
    </ClCompile>
    <ClCompile Include="src\GraphicsEngine\DescriptorHeap\DescriptorHeap.cpp">
      <Filter>src\GraphicsEngine\DescriptorHeap</Filter>
    </ClCompile>
    <ClCompile Include="src\GraphicsEngine\Material\Material.cpp">
      <Filter>src\GraphicsEngine\Material</Filter>
    </ClCompile>
    <ClCompile Include="src\GraphicsEngine\Mesh\Mesh.cpp">
      <Filter>src\GraphicsEngine\Mesh</Filter>
    </ClCompile>
    <ClCompile Include="src\GraphicsEngine\Pipeline\InputLayoutHelper.cpp">
      <Filter>src\GraphicsEngine\Pipeline</Filter>
    </ClCompile>
    <ClCompile Include="src\GraphicsEngine\Pipeline\PipelineState.cpp">
      <Filter>src\GraphicsEngine\Pipeline</Filter>
    </ClCompile>
    <ClCompile Include="src\GraphicsEngine\Pipeline\RootSignature.cpp">
      <Filter>src\GraphicsEngine\Pipeline</Filter>
    </ClCompile>
    <ClCompile Include="src\GraphicsEngine\Renderer\MeshRenderer.cpp">
      <Filter>src\GraphicsEngine\Renderer</Filter>
    </ClCompile>
    <ClCompile Include="src\GraphicsEngine\Renderer\Renderer.cpp">
      <Filter>src\GraphicsEngine\Renderer</Filter>
    </ClCompile>
    <ClCompile Include="src\GraphicsEngine\Resources\ConstantBuffer.cpp">
      <Filter>src\GraphicsEngine\Resources</Filter>
    </ClCompile>
    <ClCompile Include="src\GraphicsEngine\Resources\IndexBuffer.cpp">
      <Filter>src\GraphicsEngine\Resources</Filter>
    </ClCompile>
    <ClCompile Include="src\GraphicsEngine\Resources\Texture.cpp">
      <Filter>src\GraphicsEngine\Resources</Filter>
    </ClCompile>
    <ClCompile Include="src\GraphicsEngine\Resources\VertexBuffer.cpp">
      <Filter>src\GraphicsEngine\Resources</Filter>
    </ClCompile>
    <ClCompile Include="src\GraphicsEngine\Shader\Shader.cpp">
      <Filter>src\GraphicsEngine\Shader</Filter>
    </ClCompile>
    <ClCompile Include="src\GraphicsEngine\GraphicsEngine.cpp">
      <Filter>src\GraphicsEngine</Filter>
    </ClCompile>
    <ClCompile Include="src\GraphicsEngine\TextureLoader.cpp">
      <Filter>src\GraphicsEngine</Filter>
    </ClCompile>
    <ClCompile Include="src\Application.cpp">
      <Filter>src</Filter>
    </ClCompile>
    <ClCompile Include="src\main.cpp">
      <Filter>src</Filter>
    </ClCompile>
    <ClCompile Include="src\MEngine.cpp">
      <Filter>src</Filter>
    </ClCompile>
    <ClCompile Include="src\Scene\Camera.cpp">
      <Filter>src\Scene</Filter>
    </ClCompile>
    <ClCompile Include="src\Scene\Transform.cpp">
      <Filter>src\Scene</Filter>
    </ClCompile>
    <ClCompile Include="src\Utility\Debug.cpp">
      <Filter>src\Utility</Filter>
    </ClCompile>
    <ClCompile Include="src\Utility\GameTime.cpp">
      <Filter>src\Utility</Filter>
    </ClCompile>
    <ClCompile Include="src\Utility\Random.cpp">
      <Filter>src\Utility</Filter>
    </ClCompile>
    <ClCompile Include="src\Utility\StringUtility.cpp">
      <Filter>src\Utility</Filter>
    </ClCompile>
    <ClCompile Include="src\Input\GamePad.cpp">
      <Filter>src\Input</Filter>
    </ClCompile>
    <ClCompile Include="src\Input\InputSystem.cpp">
      <Filter>src\Input</Filter>
    </ClCompile>
    <ClCompile Include="src\Input\Keyboard.cpp">
      <Filter>src\Input</Filter>
    </ClCompile>
    <ClCompile Include="src\GraphicsEngine\Material\MaterialDesc.cpp">
      <Filter>src\GraphicsEngine\Material</Filter>
    </ClCompile>
    <ClCompile Include="src\GraphicsEngine\Material\MaterialCache.cpp">
      <Filter>src\GraphicsEngine\Material</Filter>
    </ClCompile>
    <ClCompile Include="src\GraphicsEngine\Pipeline\RootSignatureRegistry.cpp">
      <Filter>src\GraphicsEngine\Pipeline</Filter>
    </ClCompile>
    <ClCompile Include="src\GraphicsEngine\Material\MaterialRegistry.cpp">
      <Filter>src\GraphicsEngine\Material</Filter>
    </ClCompile>
    <ClCompile Include="src\GraphicsEngine\Sprite\Sprite.cpp">
      <Filter>src\GraphicsEngine\Sprite</Filter>
    </ClCompile>
    <ClCompile Include="src\GraphicsEngine\Renderer\SpriteRenderer.cpp">
      <Filter>src\GraphicsEngine\Renderer</Filter>
    </ClCompile>
    <ClCompile Include="src\GraphicsEngine\Resources\RenderTarget.cpp">
      <Filter>src\GraphicsEngine\Resources</Filter>
    </ClCompile>
    <ClCompile Include="src\ModelImporter.cpp">
      <Filter>src</Filter>
    </ClCompile>
    <ClCompile Include="src\AssimpImporter.cpp">
      <Filter>src</Filter>
    </ClCompile>
    <ClCompile Include="src\Scene\GameObject.cpp">
      <Filter>src\Scene</Filter>
    </ClCompile>
    <ClCompile Include="src\Scene\Component.cpp">
      <Filter>src\Scene</Filter>
    </ClCompile>
    <ClCompile Include="src\Scene\Scene.cpp">
      <Filter>src\Scene</Filter>
    </ClCompile>
    <ClCompile Include="src\Scene\Light.cpp">
      <Filter>src\Scene</Filter>
    </ClCompile>
  </ItemGroup>
  <ItemGroup>
    <FxCompile Include="Assets\shader\BasicPixelShader.hlsl">
      <Filter>shader</Filter>
    </FxCompile>
    <FxCompile Include="Assets\shader\BasicVertexShader.hlsl">
      <Filter>shader</Filter>
    </FxCompile>
    <FxCompile Include="Assets\shader\Basic3DShader.hlsl">
      <Filter>shader</Filter>
    </FxCompile>
    <FxCompile Include="Assets\shader\PostProcess.hlsl">
      <Filter>shader</Filter>
    </FxCompile>
    <FxCompile Include="Assets\shader\Basic3DShadowMap.hlsl">
      <Filter>shader</Filter>
    </FxCompile>
  </ItemGroup>
  <ItemGroup>
    <None Include="Assets\shader\BasicShaderHeader.hlsli">
      <Filter>shader</Filter>
    </None>
  </ItemGroup>
  <ItemGroup>
    <ResourceCompile Include="src\MEngine.rc">
      <Filter>src</Filter>
    </ResourceCompile>
  </ItemGroup>
</Project>